{
  "requires": true,
  "lockfileVersion": 1,
  "dependencies": {
    "@figma/plugin-typings": {
      "version": "1.28.0",
      "resolved": "https://registry.npmjs.org/@figma/plugin-typings/-/plugin-typings-1.28.0.tgz",
      "integrity": "sha512-Xypk+7LwbjkHVISRpN02jQbV0OvDMoIsuue/OKn5Hk7Bw3Dyxd3OjXfyzmV90p0CgpLtvEla2BsFqEfy6Xb3OA=="
    }
  }
}
